
Microsoft Visual Studio Solution File, Format Version 12.00
# Visual Studio 15
VisualStudioVersion = 15.0.26430.16
MinimumVisualStudioVersion = 10.0.40219.1
Project("{FAE04EC0-301F-11D3-BF4B-00C04F79EFBC}") = "KadrovoeAgentstvo", "KadrovoeAgentstvo\KadrovoeAgentstvo.csproj", "{445C8CF9-2D7A-495C-9139-F11D421BE670}"
EndProject
Project("{FAE04EC0-301F-11D3-BF4B-00C04F79EFBC}") = "KadrovoeAgentstvo.Tests", "KadrovoeAgentstvo.Tests\KadrovoeAgentstvo.Tests.csproj", "{D212F6EF-62CB-4390-823B-2C98232B2650}"
EndProject
Global
	GlobalSection(SolutionConfigurationPlatforms) = preSolution
		Debug|Any CPU = Debug|Any CPU
		Release|Any CPU = Release|Any CPU
	EndGlobalSection
	GlobalSection(ProjectConfigurationPlatforms) = postSolution
		{445C8CF9-2D7A-495C-9139-F11D421BE670}.Debug|Any CPU.ActiveCfg = Debug|Any CPU
		{445C8CF9-2D7A-495C-9139-F11D421BE670}.Debug|Any CPU.Build.0 = Debug|Any CPU
		{445C8CF9-2D7A-495C-9139-F11D421BE670}.Release|Any CPU.ActiveCfg = Release|Any CPU
		{445C8CF9-2D7A-495C-9139-F11D421BE670}.Release|Any CPU.Build.0 = Release|Any CPU
		{D212F6EF-62CB-4390-823B-2C98232B2650}.Debug|Any CPU.ActiveCfg = Debug|Any CPU
		{D212F6EF-62CB-4390-823B-2C98232B2650}.Debug|Any CPU.Build.0 = Debug|Any CPU
		{D212F6EF-62CB-4390-823B-2C98232B2650}.Release|Any CPU.ActiveCfg = Release|Any CPU
		{D212F6EF-62CB-4390-823B-2C98232B2650}.Release|Any CPU.Build.0 = Release|Any CPU
	EndGlobalSection
	GlobalSection(SolutionProperties) = preSolution
		HideSolutionNode = FALSE
	EndGlobalSection
EndGlobal
